version = 1
revision = 3
requires-python = ">=3.9"

[[package]]
name = "exoiut"
version = "0.1.0"
source = { virtual = "." }

[package.dev-dependencies]
dev = [
    { name = "pyrefly" },
]

[package.metadata]

[package.metadata.requires-dev]
dev = [{ name = "pyrefly", specifier = ">=0.60.0" }]

[[package]]
name = "pyrefly"
version = "0.60.0"
source = { registry = "https://pypi.org/simple" }
sdist = { url = "https://files.pythonhosted.org/packages/c6/c7/28d14b64888e2d03815627ebff8d57a9f08389c4bbebfe70ae1ed98a1267/pyrefly-0.60.0.tar.gz", hash = "sha256:2499f5b6ff5342e86dfe1cd94bcce133519bbbc93b7ad5636195fea4f0fa3b81", size = 5500389, upload-time = "2026-04-06T19:57:30.643Z" }
wheels = [
    { url = "https://files.pythonhosted.org/packages/31/99/6c9984a09220e5eb7dd5c869b7a32d25c3d06b5e8854c6eb679db1145c3e/pyrefly-0.60.0-py3-none-macosx_10_12_x86_64.whl", hash = "sha256:bf1691af0fee69d0c99c3c6e9d26ab6acd3c8afef96416f9ba2e74934833b7b5", size = 12921262, upload-time = "2026-04-06T19:57:00.745Z" },
    { url = "https://files.pythonhosted.org/packages/05/b3/6216aa3c00c88e59a27eb4149851b5affe86eeea6129f4224034a32dddb0/pyrefly-0.60.0-py3-none-macosx_11_0_arm64.whl", hash = "sha256:3e71b70c9b95545cf3b479bc55d1381b531de7b2380eb64411088a1e56b634cb", size = 12424413, upload-time = "2026-04-06T19:57:03.417Z" },
    { url = "https://files.pythonhosted.org/packages/9b/87/eb8dd73abd92a93952ac27a605e463c432fb250fb23186574038c7035594/pyrefly-0.60.0-py3-none-manylinux_2_17_aarch64.manylinux2014_aarch64.whl", hash = "sha256:680ee5f8f98230ea145652d7344708f5375786209c5bf03d8b911fdb0d0d4195", size = 35940884, upload-time = "2026-04-06T19:57:06.909Z" },
    { url = "https://files.pythonhosted.org/packages/0d/34/dc6aeb67b840c745fcee6db358295d554abe6ab555a7eaaf44624bd80bf1/pyrefly-0.60.0-py3-none-manylinux_2_17_i686.manylinux2014_i686.whl", hash = "sha256:0d0b20dbbe4aff15b959e8d825b7521a144c4122c11e57022e83b36568c54470", size = 38677220, upload-time = "2026-04-06T19:57:11.235Z" },
    { url = "https://files.pythonhosted.org/packages/66/6b/c863fcf7ef592b7d1db91502acf0d1113be8bed7a2a7143fc6f0dd90616f/pyrefly-0.60.0-py3-none-manylinux_2_17_ppc64le.manylinux2014_ppc64le.whl", hash = "sha256:2911563c8e6b2eaefff68885c94727965469a35375a409235a7a4d2b7157dc15", size = 36907431, upload-time = "2026-04-06T19:57:15.074Z" },
    { url = "https://files.pythonhosted.org/packages/8e/a2/25ea095ab2ecca8e62884669b11a79f14299db93071685b73a97efbaf4f3/pyrefly-0.60.0-py3-none-manylinux_2_17_x86_64.manylinux2014_x86_64.whl", hash = "sha256:e0a631d9d04705e303fe156f2e62551611bc7ef8066c34708ceebcfb3088bd55", size = 41447898, upload-time = "2026-04-06T19:57:19.382Z" },
    { url = "https://files.pythonhosted.org/packages/8e/2c/097bdc6e8d40676b28eb03710a4577bc3c7b803cd24693ac02bf15de3d67/pyrefly-0.60.0-py3-none-win32.whl", hash = "sha256:a08d69298da5626cf502d3debbb6944fd13d2f405ea6625363751f1ff570d366", size = 11913434, upload-time = "2026-04-06T19:57:22.887Z" },
    { url = "https://files.pythonhosted.org/packages/0a/d4/8d27fe310e830c8d11ab73db38b93f9fd2e218744b6efb1204401c9a74d5/pyrefly-0.60.0-py3-none-win_amd64.whl", hash = "sha256:56cf30654e708ae1dd635ffefcba4fa4b349dd7004a6ccc5c41e3a9bb944320c", size = 12745033, upload-time = "2026-04-06T19:57:25.517Z" },
    { url = "https://files.pythonhosted.org/packages/1f/ad/8eea1f8fb8209f91f6dbfe48000c9d05fd0cdb1b5b3157283c9b1dada55d/pyrefly-0.60.0-py3-none-win_arm64.whl", hash = "sha256:b6d27fba970f4777063c0227c54167d83bece1804ea34f69e7118e409ba038d2", size = 12246390, upload-time = "2026-04-06T19:57:28.141Z" },
]
